
Microsoft Visual Studio Solution File, Format Version 12.00
Project("{FAE04EC0-301F-11D3-BF4B-00C04F79EFBC}") = "DiophanteSystem", "DiophanteSystem\DiophanteSystem.csproj", "{9BD12F86-CAD9-4DB8-B41D-7FA197535E17}"
EndProject
Project("{FAE04EC0-301F-11D3-BF4B-00C04F79EFBC}") = "DiophanteSystem.Tests", "DiophanteSystem.Tests\DiophanteSystem.Tests.csproj", "{BC1983E1-08C5-4C0D-B81A-E6F13B4ABAC3}"
EndProject
Global
	GlobalSection(SolutionConfigurationPlatforms) = preSolution
		Debug|Any CPU = Debug|Any CPU
		Release|Any CPU = Release|Any CPU
	EndGlobalSection
	GlobalSection(ProjectConfigurationPlatforms) = postSolution
		{9BD12F86-CAD9-4DB8-B41D-7FA197535E17}.Debug|Any CPU.ActiveCfg = Debug|Any CPU
		{9BD12F86-CAD9-4DB8-B41D-7FA197535E17}.Debug|Any CPU.Build.0 = Debug|Any CPU
		{9BD12F86-CAD9-4DB8-B41D-7FA197535E17}.Release|Any CPU.ActiveCfg = Release|Any CPU
		{9BD12F86-CAD9-4DB8-B41D-7FA197535E17}.Release|Any CPU.Build.0 = Release|Any CPU
		{BC1983E1-08C5-4C0D-B81A-E6F13B4ABAC3}.Debug|Any CPU.ActiveCfg = Debug|Any CPU
		{BC1983E1-08C5-4C0D-B81A-E6F13B4ABAC3}.Debug|Any CPU.Build.0 = Debug|Any CPU
		{BC1983E1-08C5-4C0D-B81A-E6F13B4ABAC3}.Release|Any CPU.ActiveCfg = Release|Any CPU
		{BC1983E1-08C5-4C0D-B81A-E6F13B4ABAC3}.Release|Any CPU.Build.0 = Release|Any CPU
	EndGlobalSection
EndGlobal
